{
  "name": "tplinkapi",
  "version": "1.0.0",
  "lockfileVersion": 3,
  "requires": true,
  "packages": {
    "": {
      "name": "tplinkapi",
      "version": "1.0.0",
      "license": "ISC",
      "dependencies": {
        "@gzhangx/googleapi": "^0.0.79"
      }
    },
    "node_modules/@gzhangx/googleapi": {
      "version": "0.0.79",
      "resolved": "https://registry.npmjs.org/@gzhangx/googleapi/-/googleapi-0.0.79.tgz",
      "integrity": "sha512-iV+9RPS3qJ50krHmP6jn9kIBZk/S56tKns8aEnGUrflIg1LOH7GjCLqaynm46Fw+SUBPFeCcMbs/pjoLv/z9PQ=="
    }
  }
}
